
Microsoft Visual Studio Solution File, Format Version 12.00
# Visual Studio Version 16
VisualStudioVersion = 16.0.31005.135
MinimumVisualStudioVersion = 10.0.40219.1
Project("{9A19103F-16F7-4668-BE54-9A1E7A4F7556}") = "DevOpsHelper", "DevOpsHelper\DevOpsHelper.csproj", "{16326433-6E8D-4DC7-A3AE-ACC657E44491}"
EndProject
Project("{9A19103F-16F7-4668-BE54-9A1E7A4F7556}") = "DevOpsMinClient", "DevOpsMinClient\DevOpsMinClient.csproj", "{72505775-7441-47C4-A8BB-BA47405CA67A}"
EndProject
Project("{9A19103F-16F7-4668-BE54-9A1E7A4F7556}") = "DevOpsMinClientTests", "DevOpsMinClientTests\DevOpsMinClientTests.csproj", "{E3C8155F-8A46-4DD2-A362-9101F0CC2EDC}"
EndProject
Project("{2150E333-8FDC-42A3-9474-1A3956D46DE8}") = "Solution Items", "Solution Items", "{7A105AAD-2A2A-423C-B77B-06DB4C9539A7}"
	ProjectSection(SolutionItems) = preProject
		Directory.Build.props = Directory.Build.props
	EndProjectSection
EndProject
Global
	GlobalSection(SolutionConfigurationPlatforms) = preSolution
		Debug|Any CPU = Debug|Any CPU
		Release|Any CPU = Release|Any CPU
	EndGlobalSection
	GlobalSection(ProjectConfigurationPlatforms) = postSolution
		{16326433-6E8D-4DC7-A3AE-ACC657E44491}.Debug|Any CPU.ActiveCfg = Debug|Any CPU
		{16326433-6E8D-4DC7-A3AE-ACC657E44491}.Debug|Any CPU.Build.0 = Debug|Any CPU
		{16326433-6E8D-4DC7-A3AE-ACC657E44491}.Release|Any CPU.ActiveCfg = Release|Any CPU
		{16326433-6E8D-4DC7-A3AE-ACC657E44491}.Release|Any CPU.Build.0 = Release|Any CPU
		{72505775-7441-47C4-A8BB-BA47405CA67A}.Debug|Any CPU.ActiveCfg = Debug|Any CPU
		{72505775-7441-47C4-A8BB-BA47405CA67A}.Debug|Any CPU.Build.0 = Debug|Any CPU
		{72505775-7441-47C4-A8BB-BA47405CA67A}.Release|Any CPU.ActiveCfg = Release|Any CPU
		{72505775-7441-47C4-A8BB-BA47405CA67A}.Release|Any CPU.Build.0 = Release|Any CPU
		{E3C8155F-8A46-4DD2-A362-9101F0CC2EDC}.Debug|Any CPU.ActiveCfg = Debug|Any CPU
		{E3C8155F-8A46-4DD2-A362-9101F0CC2EDC}.Debug|Any CPU.Build.0 = Debug|Any CPU
		{E3C8155F-8A46-4DD2-A362-9101F0CC2EDC}.Release|Any CPU.ActiveCfg = Release|Any CPU
		{E3C8155F-8A46-4DD2-A362-9101F0CC2EDC}.Release|Any CPU.Build.0 = Release|Any CPU
	EndGlobalSection
	GlobalSection(SolutionProperties) = preSolution
		HideSolutionNode = FALSE
	EndGlobalSection
	GlobalSection(ExtensibilityGlobals) = postSolution
		SolutionGuid = {6F3BDF39-DC0A-4E39-80B1-065F6A50F332}
	EndGlobalSection
EndGlobal
